
Microsoft Visual Studio Solution File, Format Version 12.00
# Visual Studio Version 17
VisualStudioVersion = 17.12.35707.178 d17.12
MinimumVisualStudioVersion = 10.0.40219.1
Project("{FAE04EC0-301F-11D3-BF4B-00C04F79EFBC}") = "manage-grp.Server", "manage-grp.Server\manage-grp.Server.csproj", "{7158D8DC-C2E1-4F13-BC2A-F8C8691CB245}"
EndProject
Project("{54A90642-561A-4BB1-A94E-469ADEE60C69}") = "manage-grp.client", "manage-grp.client\manage-grp.client.esproj", "{FB94A0DB-4DBA-418D-BB5E-321D59797103}"
EndProject
Global
	GlobalSection(SolutionConfigurationPlatforms) = preSolution
		Debug|Any CPU = Debug|Any CPU
		Release|Any CPU = Release|Any CPU
	EndGlobalSection
	GlobalSection(ProjectConfigurationPlatforms) = postSolution
		{7158D8DC-C2E1-4F13-BC2A-F8C8691CB245}.Debug|Any CPU.ActiveCfg = Debug|Any CPU
		{7158D8DC-C2E1-4F13-BC2A-F8C8691CB245}.Debug|Any CPU.Build.0 = Debug|Any CPU
		{7158D8DC-C2E1-4F13-BC2A-F8C8691CB245}.Release|Any CPU.ActiveCfg = Release|Any CPU
		{7158D8DC-C2E1-4F13-BC2A-F8C8691CB245}.Release|Any CPU.Build.0 = Release|Any CPU
		{FB94A0DB-4DBA-418D-BB5E-321D59797103}.Debug|Any CPU.ActiveCfg = Debug|Any CPU
		{FB94A0DB-4DBA-418D-BB5E-321D59797103}.Debug|Any CPU.Build.0 = Debug|Any CPU
		{FB94A0DB-4DBA-418D-BB5E-321D59797103}.Debug|Any CPU.Deploy.0 = Debug|Any CPU
		{FB94A0DB-4DBA-418D-BB5E-321D59797103}.Release|Any CPU.ActiveCfg = Release|Any CPU
		{FB94A0DB-4DBA-418D-BB5E-321D59797103}.Release|Any CPU.Build.0 = Release|Any CPU
		{FB94A0DB-4DBA-418D-BB5E-321D59797103}.Release|Any CPU.Deploy.0 = Release|Any CPU
	EndGlobalSection
	GlobalSection(SolutionProperties) = preSolution
		HideSolutionNode = FALSE
	EndGlobalSection
EndGlobal
